
Microsoft Visual Studio Solution File, Format Version 12.00
# Visual Studio 14
VisualStudioVersion = 14.0.24720.0
MinimumVisualStudioVersion = 10.0.40219.1
Project("{2150E333-8FDC-42A3-9474-1A3956D46DE8}") = "Application", "Application", "{8B104984-7AB7-4385-BF6E-BB955F8C1D7C}"
EndProject
Project("{8BC9CEB8-8B4A-11D0-8D11-00A0C91BC942}") = "CefUIWrapper", "Source\CefUIWrapper\CefUIWrapper.vcxproj", "{613AD151-47AC-45A3-B799-C0A902336E35}"
EndProject
Project("{8BC9CEB8-8B4A-11D0-8D11-00A0C91BC942}") = "DuiLib", "Source\DuiLib\DuiLib.vcxproj", "{E106ACD7-4E53-4AEE-942B-D0DD426DB34E}"
EndProject
Project("{8BC9CEB8-8B4A-11D0-8D11-00A0C91BC942}") = "libcef_dll_wrapper", "Source\libcef_dll\libcef_dll_wrapper\libcef_dll_wrapper.vcxproj", "{93ED8B5B-1C1A-3B2A-ACB2-B1E22A36AE1E}"
EndProject
Project("{8BC9CEB8-8B4A-11D0-8D11-00A0C91BC942}") = "test", "Source\test\test.vcxproj", "{86039360-87F7-41AA-8DCB-6AD7C853E3D5}"
EndProject
Global
	GlobalSection(SolutionConfigurationPlatforms) = preSolution
		Debug|x64 = Debug|x64
		Debug|x86 = Debug|x86
		DebugA|x64 = DebugA|x64
		DebugA|x86 = DebugA|x86
		Release|x64 = Release|x64
		Release|x86 = Release|x86
		ReleaseA|x64 = ReleaseA|x64
		ReleaseA|x86 = ReleaseA|x86
		SDebug|x64 = SDebug|x64
		SDebug|x86 = SDebug|x86
		SDebugA|x64 = SDebugA|x64
		SDebugA|x86 = SDebugA|x86
		SRelease|x64 = SRelease|x64
		SRelease|x86 = SRelease|x86
		SReleaseA|x64 = SReleaseA|x64
		SReleaseA|x86 = SReleaseA|x86
	EndGlobalSection
	GlobalSection(ProjectConfigurationPlatforms) = postSolution
		{613AD151-47AC-45A3-B799-C0A902336E35}.Debug|x64.ActiveCfg = Debug|x64
		{613AD151-47AC-45A3-B799-C0A902336E35}.Debug|x64.Build.0 = Debug|x64
		{613AD151-47AC-45A3-B799-C0A902336E35}.Debug|x86.ActiveCfg = Debug|Win32
		{613AD151-47AC-45A3-B799-C0A902336E35}.Debug|x86.Build.0 = Debug|Win32
		{613AD151-47AC-45A3-B799-C0A902336E35}.DebugA|x64.ActiveCfg = Debug|x64
		{613AD151-47AC-45A3-B799-C0A902336E35}.DebugA|x64.Build.0 = Debug|x64
		{613AD151-47AC-45A3-B799-C0A902336E35}.DebugA|x86.ActiveCfg = Debug|Win32
		{613AD151-47AC-45A3-B799-C0A902336E35}.DebugA|x86.Build.0 = Debug|Win32
		{613AD151-47AC-45A3-B799-C0A902336E35}.Release|x64.ActiveCfg = Release|x64
		{613AD151-47AC-45A3-B799-C0A902336E35}.Release|x64.Build.0 = Release|x64
		{613AD151-47AC-45A3-B799-C0A902336E35}.Release|x86.ActiveCfg = Release|Win32
		{613AD151-47AC-45A3-B799-C0A902336E35}.Release|x86.Build.0 = Release|Win32
		{613AD151-47AC-45A3-B799-C0A902336E35}.ReleaseA|x64.ActiveCfg = Release|x64
		{613AD151-47AC-45A3-B799-C0A902336E35}.ReleaseA|x64.Build.0 = Release|x64
		{613AD151-47AC-45A3-B799-C0A902336E35}.ReleaseA|x86.ActiveCfg = Release|Win32
		{613AD151-47AC-45A3-B799-C0A902336E35}.ReleaseA|x86.Build.0 = Release|Win32
		{613AD151-47AC-45A3-B799-C0A902336E35}.SDebug|x64.ActiveCfg = Debug|x64
		{613AD151-47AC-45A3-B799-C0A902336E35}.SDebug|x64.Build.0 = Debug|x64
		{613AD151-47AC-45A3-B799-C0A902336E35}.SDebug|x86.ActiveCfg = Debug|Win32
		{613AD151-47AC-45A3-B799-C0A902336E35}.SDebug|x86.Build.0 = Debug|Win32
		{613AD151-47AC-45A3-B799-C0A902336E35}.SDebugA|x64.ActiveCfg = Debug|x64
		{613AD151-47AC-45A3-B799-C0A902336E35}.SDebugA|x64.Build.0 = Debug|x64
		{613AD151-47AC-45A3-B799-C0A902336E35}.SDebugA|x86.ActiveCfg = Debug|Win32
		{613AD151-47AC-45A3-B799-C0A902336E35}.SDebugA|x86.Build.0 = Debug|Win32
		{613AD151-47AC-45A3-B799-C0A902336E35}.SRelease|x64.ActiveCfg = Release|x64
		{613AD151-47AC-45A3-B799-C0A902336E35}.SRelease|x64.Build.0 = Release|x64
		{613AD151-47AC-45A3-B799-C0A902336E35}.SRelease|x86.ActiveCfg = Release|Win32
		{613AD151-47AC-45A3-B799-C0A902336E35}.SRelease|x86.Build.0 = Release|Win32
		{613AD151-47AC-45A3-B799-C0A902336E35}.SReleaseA|x64.ActiveCfg = Release|x64
		{613AD151-47AC-45A3-B799-C0A902336E35}.SReleaseA|x64.Build.0 = Release|x64
		{613AD151-47AC-45A3-B799-C0A902336E35}.SReleaseA|x86.ActiveCfg = Release|Win32
		{613AD151-47AC-45A3-B799-C0A902336E35}.SReleaseA|x86.Build.0 = Release|Win32
		{E106ACD7-4E53-4AEE-942B-D0DD426DB34E}.Debug|x64.ActiveCfg = Debug|x64
		{E106ACD7-4E53-4AEE-942B-D0DD426DB34E}.Debug|x64.Build.0 = Debug|x64
		{E106ACD7-4E53-4AEE-942B-D0DD426DB34E}.Debug|x86.ActiveCfg = Debug|Win32
		{E106ACD7-4E53-4AEE-942B-D0DD426DB34E}.Debug|x86.Build.0 = Debug|Win32
		{E106ACD7-4E53-4AEE-942B-D0DD426DB34E}.DebugA|x64.ActiveCfg = DebugA|x64
		{E106ACD7-4E53-4AEE-942B-D0DD426DB34E}.DebugA|x64.Build.0 = DebugA|x64
		{E106ACD7-4E53-4AEE-942B-D0DD426DB34E}.DebugA|x86.ActiveCfg = DebugA|Win32
		{E106ACD7-4E53-4AEE-942B-D0DD426DB34E}.DebugA|x86.Build.0 = DebugA|Win32
		{E106ACD7-4E53-4AEE-942B-D0DD426DB34E}.Release|x64.ActiveCfg = Release|x64
		{E106ACD7-4E53-4AEE-942B-D0DD426DB34E}.Release|x64.Build.0 = Release|x64
		{E106ACD7-4E53-4AEE-942B-D0DD426DB34E}.Release|x86.ActiveCfg = Release|Win32
		{E106ACD7-4E53-4AEE-942B-D0DD426DB34E}.Release|x86.Build.0 = Release|Win32
		{E106ACD7-4E53-4AEE-942B-D0DD426DB34E}.ReleaseA|x64.ActiveCfg = ReleaseA|x64
		{E106ACD7-4E53-4AEE-942B-D0DD426DB34E}.ReleaseA|x64.Build.0 = ReleaseA|x64
		{E106ACD7-4E53-4AEE-942B-D0DD426DB34E}.ReleaseA|x86.ActiveCfg = ReleaseA|Win32
		{E106ACD7-4E53-4AEE-942B-D0DD426DB34E}.ReleaseA|x86.Build.0 = ReleaseA|Win32
		{E106ACD7-4E53-4AEE-942B-D0DD426DB34E}.SDebug|x64.ActiveCfg = SDebug|x64
		{E106ACD7-4E53-4AEE-942B-D0DD426DB34E}.SDebug|x64.Build.0 = SDebug|x64
		{E106ACD7-4E53-4AEE-942B-D0DD426DB34E}.SDebug|x86.ActiveCfg = SDebug|Win32
		{E106ACD7-4E53-4AEE-942B-D0DD426DB34E}.SDebug|x86.Build.0 = SDebug|Win32
		{E106ACD7-4E53-4AEE-942B-D0DD426DB34E}.SDebugA|x64.ActiveCfg = SDebugA|x64
		{E106ACD7-4E53-4AEE-942B-D0DD426DB34E}.SDebugA|x64.Build.0 = SDebugA|x64
		{E106ACD7-4E53-4AEE-942B-D0DD426DB34E}.SDebugA|x86.ActiveCfg = SDebugA|Win32
		{E106ACD7-4E53-4AEE-942B-D0DD426DB34E}.SDebugA|x86.Build.0 = SDebugA|Win32
		{E106ACD7-4E53-4AEE-942B-D0DD426DB34E}.SRelease|x64.ActiveCfg = SRelease|x64
		{E106ACD7-4E53-4AEE-942B-D0DD426DB34E}.SRelease|x64.Build.0 = SRelease|x64
		{E106ACD7-4E53-4AEE-942B-D0DD426DB34E}.SRelease|x86.ActiveCfg = SRelease|Win32
		{E106ACD7-4E53-4AEE-942B-D0DD426DB34E}.SRelease|x86.Build.0 = SRelease|Win32
		{E106ACD7-4E53-4AEE-942B-D0DD426DB34E}.SReleaseA|x64.ActiveCfg = SReleaseA|x64
		{E106ACD7-4E53-4AEE-942B-D0DD426DB34E}.SReleaseA|x64.Build.0 = SReleaseA|x64
		{E106ACD7-4E53-4AEE-942B-D0DD426DB34E}.SReleaseA|x86.ActiveCfg = SReleaseA|Win32
		{E106ACD7-4E53-4AEE-942B-D0DD426DB34E}.SReleaseA|x86.Build.0 = SReleaseA|Win32
		{93ED8B5B-1C1A-3B2A-ACB2-B1E22A36AE1E}.Debug|x64.ActiveCfg = Debug|Win32
		{93ED8B5B-1C1A-3B2A-ACB2-B1E22A36AE1E}.Debug|x86.ActiveCfg = Debug|Win32
		{93ED8B5B-1C1A-3B2A-ACB2-B1E22A36AE1E}.Debug|x86.Build.0 = Debug|Win32
		{93ED8B5B-1C1A-3B2A-ACB2-B1E22A36AE1E}.DebugA|x64.ActiveCfg = Release|Win32
		{93ED8B5B-1C1A-3B2A-ACB2-B1E22A36AE1E}.DebugA|x64.Build.0 = Release|Win32
		{93ED8B5B-1C1A-3B2A-ACB2-B1E22A36AE1E}.DebugA|x86.ActiveCfg = Debug|Win32
		{93ED8B5B-1C1A-3B2A-ACB2-B1E22A36AE1E}.DebugA|x86.Build.0 = Debug|Win32
		{93ED8B5B-1C1A-3B2A-ACB2-B1E22A36AE1E}.Release|x64.ActiveCfg = Release|Win32
		{93ED8B5B-1C1A-3B2A-ACB2-B1E22A36AE1E}.Release|x86.ActiveCfg = Release|Win32
		{93ED8B5B-1C1A-3B2A-ACB2-B1E22A36AE1E}.Release|x86.Build.0 = Release|Win32
		{93ED8B5B-1C1A-3B2A-ACB2-B1E22A36AE1E}.ReleaseA|x64.ActiveCfg = Release|Win32
		{93ED8B5B-1C1A-3B2A-ACB2-B1E22A36AE1E}.ReleaseA|x64.Build.0 = Release|Win32
		{93ED8B5B-1C1A-3B2A-ACB2-B1E22A36AE1E}.ReleaseA|x86.ActiveCfg = Release|Win32
		{93ED8B5B-1C1A-3B2A-ACB2-B1E22A36AE1E}.ReleaseA|x86.Build.0 = Release|Win32
		{93ED8B5B-1C1A-3B2A-ACB2-B1E22A36AE1E}.SDebug|x64.ActiveCfg = Release|Win32
		{93ED8B5B-1C1A-3B2A-ACB2-B1E22A36AE1E}.SDebug|x64.Build.0 = Release|Win32
		{93ED8B5B-1C1A-3B2A-ACB2-B1E22A36AE1E}.SDebug|x86.ActiveCfg = Debug|Win32
		{93ED8B5B-1C1A-3B2A-ACB2-B1E22A36AE1E}.SDebug|x86.Build.0 = Debug|Win32
		{93ED8B5B-1C1A-3B2A-ACB2-B1E22A36AE1E}.SDebugA|x64.ActiveCfg = Release|Win32
		{93ED8B5B-1C1A-3B2A-ACB2-B1E22A36AE1E}.SDebugA|x64.Build.0 = Release|Win32
		{93ED8B5B-1C1A-3B2A-ACB2-B1E22A36AE1E}.SDebugA|x86.ActiveCfg = Debug|Win32
		{93ED8B5B-1C1A-3B2A-ACB2-B1E22A36AE1E}.SDebugA|x86.Build.0 = Debug|Win32
		{93ED8B5B-1C1A-3B2A-ACB2-B1E22A36AE1E}.SRelease|x64.ActiveCfg = Release|Win32
		{93ED8B5B-1C1A-3B2A-ACB2-B1E22A36AE1E}.SRelease|x64.Build.0 = Release|Win32
		{93ED8B5B-1C1A-3B2A-ACB2-B1E22A36AE1E}.SRelease|x86.ActiveCfg = Release|Win32
		{93ED8B5B-1C1A-3B2A-ACB2-B1E22A36AE1E}.SRelease|x86.Build.0 = Release|Win32
		{93ED8B5B-1C1A-3B2A-ACB2-B1E22A36AE1E}.SReleaseA|x64.ActiveCfg = Release|Win32
		{93ED8B5B-1C1A-3B2A-ACB2-B1E22A36AE1E}.SReleaseA|x64.Build.0 = Release|Win32
		{93ED8B5B-1C1A-3B2A-ACB2-B1E22A36AE1E}.SReleaseA|x86.ActiveCfg = Release|Win32
		{93ED8B5B-1C1A-3B2A-ACB2-B1E22A36AE1E}.SReleaseA|x86.Build.0 = Release|Win32
		{86039360-87F7-41AA-8DCB-6AD7C853E3D5}.Debug|x64.ActiveCfg = Debug|Win32
		{86039360-87F7-41AA-8DCB-6AD7C853E3D5}.Debug|x86.ActiveCfg = Debug|Win32
		{86039360-87F7-41AA-8DCB-6AD7C853E3D5}.Debug|x86.Build.0 = Debug|Win32
		{86039360-87F7-41AA-8DCB-6AD7C853E3D5}.DebugA|x64.ActiveCfg = Release|Win32
		{86039360-87F7-41AA-8DCB-6AD7C853E3D5}.DebugA|x64.Build.0 = Release|Win32
		{86039360-87F7-41AA-8DCB-6AD7C853E3D5}.DebugA|x86.ActiveCfg = Debug|Win32
		{86039360-87F7-41AA-8DCB-6AD7C853E3D5}.DebugA|x86.Build.0 = Debug|Win32
		{86039360-87F7-41AA-8DCB-6AD7C853E3D5}.Release|x64.ActiveCfg = Release|Win32
		{86039360-87F7-41AA-8DCB-6AD7C853E3D5}.Release|x86.ActiveCfg = Release|Win32
		{86039360-87F7-41AA-8DCB-6AD7C853E3D5}.Release|x86.Build.0 = Release|Win32
		{86039360-87F7-41AA-8DCB-6AD7C853E3D5}.ReleaseA|x64.ActiveCfg = Release|Win32
		{86039360-87F7-41AA-8DCB-6AD7C853E3D5}.ReleaseA|x64.Build.0 = Release|Win32
		{86039360-87F7-41AA-8DCB-6AD7C853E3D5}.ReleaseA|x86.ActiveCfg = Release|Win32
		{86039360-87F7-41AA-8DCB-6AD7C853E3D5}.ReleaseA|x86.Build.0 = Release|Win32
		{86039360-87F7-41AA-8DCB-6AD7C853E3D5}.SDebug|x64.ActiveCfg = Release|Win32
		{86039360-87F7-41AA-8DCB-6AD7C853E3D5}.SDebug|x64.Build.0 = Release|Win32
		{86039360-87F7-41AA-8DCB-6AD7C853E3D5}.SDebug|x86.ActiveCfg = Debug|Win32
		{86039360-87F7-41AA-8DCB-6AD7C853E3D5}.SDebug|x86.Build.0 = Debug|Win32
		{86039360-87F7-41AA-8DCB-6AD7C853E3D5}.SDebugA|x64.ActiveCfg = Release|Win32
		{86039360-87F7-41AA-8DCB-6AD7C853E3D5}.SDebugA|x64.Build.0 = Release|Win32
		{86039360-87F7-41AA-8DCB-6AD7C853E3D5}.SDebugA|x86.ActiveCfg = Debug|Win32
		{86039360-87F7-41AA-8DCB-6AD7C853E3D5}.SDebugA|x86.Build.0 = Debug|Win32
		{86039360-87F7-41AA-8DCB-6AD7C853E3D5}.SRelease|x64.ActiveCfg = Release|Win32
		{86039360-87F7-41AA-8DCB-6AD7C853E3D5}.SRelease|x64.Build.0 = Release|Win32
		{86039360-87F7-41AA-8DCB-6AD7C853E3D5}.SRelease|x86.ActiveCfg = Release|Win32
		{86039360-87F7-41AA-8DCB-6AD7C853E3D5}.SRelease|x86.Build.0 = Release|Win32
		{86039360-87F7-41AA-8DCB-6AD7C853E3D5}.SReleaseA|x64.ActiveCfg = Release|Win32
		{86039360-87F7-41AA-8DCB-6AD7C853E3D5}.SReleaseA|x64.Build.0 = Release|Win32
		{86039360-87F7-41AA-8DCB-6AD7C853E3D5}.SReleaseA|x86.ActiveCfg = Release|Win32
		{86039360-87F7-41AA-8DCB-6AD7C853E3D5}.SReleaseA|x86.Build.0 = Release|Win32
	EndGlobalSection
	GlobalSection(SolutionProperties) = preSolution
		HideSolutionNode = FALSE
	EndGlobalSection
	GlobalSection(NestedProjects) = preSolution
		{86039360-87F7-41AA-8DCB-6AD7C853E3D5} = {8B104984-7AB7-4385-BF6E-BB955F8C1D7C}
	EndGlobalSection
EndGlobal
