<?xml version="1.0" encoding="utf-8"?>
<Project ToolsVersion="4.0" xmlns="http://schemas.microsoft.com/developer/msbuild/2003">
  <ItemGroup>
    <Filter Include="源文件">
      <UniqueIdentifier>{4FC737F1-C7A5-4376-A066-2A32D752A2FF}</UniqueIdentifier>
      <Extensions>cpp;c;cc;cxx;def;odl;idl;hpj;bat;asm;asmx</Extensions>
    </Filter>
    <Filter Include="头文件">
      <UniqueIdentifier>{93995380-89BD-4b04-88EB-625FBE52EBFB}</UniqueIdentifier>
      <Extensions>h;hpp;hxx;hm;inl;inc;xsd</Extensions>
    </Filter>
    <Filter Include="资源文件">
      <UniqueIdentifier>{67DA6AB6-F800-4c08-8B7A-83BB121AAD01}</UniqueIdentifier>
      <Extensions>rc;ico;cur;bmp;dlg;rc2;rct;bin;rgs;gif;jpg;jpeg;jpe;resx;tiff;tif;png;wav</Extensions>
    </Filter>
    <Filter Include="include">
      <UniqueIdentifier>{56fccc73-0841-4b53-bdbf-4cb73552b47c}</UniqueIdentifier>
    </Filter>
    <Filter Include="Common">
      <UniqueIdentifier>{d85e6b47-f458-45ba-b366-2dd1f4ba0ffc}</UniqueIdentifier>
    </Filter>
  </ItemGroup>
  <ItemGroup>
    <ClCompile Include="CppSQLite3.cpp">
      <Filter>源文件</Filter>
    </ClCompile>
    <ClCompile Include="Sqlite3Ex.cpp">
      <Filter>源文件</Filter>
    </ClCompile>
    <ClCompile Include="Sqlite3ExDefine.cpp">
      <Filter>源文件</Filter>
    </ClCompile>
    <ClCompile Include="stdafx.cpp">
      <Filter>源文件</Filter>
    </ClCompile>
    <ClCompile Include="Common\DYEStringUtils.cpp">
      <Filter>Common</Filter>
    </ClCompile>
  </ItemGroup>
  <ItemGroup>
    <None Include="Sqlite3ExU.def">
      <Filter>源文件</Filter>
    </None>
    <None Include="Sqlite3ExUD.def">
      <Filter>源文件</Filter>
    </None>
    <None Include="res\Sqlite3Ex.rc2">
      <Filter>资源文件</Filter>
    </None>
    <None Include="ReadMe.txt" />
  </ItemGroup>
  <ItemGroup>
    <ClInclude Include="Resource.h">
      <Filter>头文件</Filter>
    </ClInclude>
    <ClInclude Include="stdafx.h">
      <Filter>头文件</Filter>
    </ClInclude>
    <ClInclude Include="..\..\Include\CppSQLite3.h">
      <Filter>include</Filter>
    </ClInclude>
    <ClInclude Include="..\..\Include\Sqlite3ExDefine.h">
      <Filter>include</Filter>
    </ClInclude>
    <ClInclude Include="..\..\Include\sqlite3Lib.h">
      <Filter>include</Filter>
    </ClInclude>
    <ClInclude Include="Common\charsettransfermacro.h">
      <Filter>Common</Filter>
    </ClInclude>
    <ClInclude Include="Common\DYEStringUtils.h">
      <Filter>Common</Filter>
    </ClInclude>
  </ItemGroup>
  <ItemGroup>
    <ResourceCompile Include="Sqlite3Ex.rc">
      <Filter>资源文件</Filter>
    </ResourceCompile>
  </ItemGroup>
</Project>